
Microsoft Visual Studio Solution File, Format Version 12.00
# Visual Studio 15
Project("{FAE04EC0-301F-11D3-BF4B-00C04F79EFBC}") = "SoterDevice", "SoterDevice\SoterDevice.csproj", "{50D1131A-D83B-468E-8E7A-32097A4DD055}"
EndProject
Project("{FAE04EC0-301F-11D3-BF4B-00C04F79EFBC}") = "SoterDevice.Hid", "SoterDevice.Hid\SoterDevice.Hid.csproj", "{5B528C9F-57B3-4B3B-8CBA-660F3E4460BA}"
EndProject
Project("{FAE04EC0-301F-11D3-BF4B-00C04F79EFBC}") = "SoterDevice.Ble", "SoterDevice.Ble\SoterDevice.Ble.csproj", "{7E594169-03C8-4B4F-8245-EBD6D49E243F}"
EndProject
Project("{FAE04EC0-301F-11D3-BF4B-00C04F79EFBC}") = "SoterDevice.Hid.Tests", "SoterDevice.Hid.Tests\SoterDevice.Hid.Tests.csproj", "{4820FB4E-4263-4AD8-A8DA-C69EB657AAAC}"
EndProject
Project("{FAE04EC0-301F-11D3-BF4B-00C04F79EFBC}") = "SoterDevice.Tests", "SoterDevice.Tests\SoterDevice.Tests.csproj", "{A92D671D-AB90-4FA6-ABCC-1ECA7D698E55}"
EndProject
Project("{2150E333-8FDC-42A3-9474-1A3956D46DE8}") = "BLE", "BLE", "{AF162EA7-D349-4C01-AF65-9204CA1F8252}"
EndProject
Project("{FAE04EC0-301F-11D3-BF4B-00C04F79EFBC}") = "Plugin.BLE.Abstractions", "..\xamarin-bluetooth-le\Source\Plugin.BLE.Abstractions\Plugin.BLE.Abstractions.csproj", "{163A5DBF-F2F0-41B3-9DDB-69D2D6FCEAFD}"
EndProject
Project("{FAE04EC0-301F-11D3-BF4B-00C04F79EFBC}") = "Plugin.BLE", "..\xamarin-bluetooth-le\Source\Plugin.BLE\Plugin.BLE.csproj", "{CD33E2CB-581D-4CE2-8B01-9C643E5B82FB}"
EndProject
Project("{FAE04EC0-301F-11D3-BF4B-00C04F79EFBC}") = "Plugin.BLE.Android", "..\xamarin-bluetooth-le\Source\Plugin.BLE.Android\Plugin.BLE.Android.csproj", "{80C10C11-6FCB-4038-B029-A700039E8F99}"
EndProject
Project("{FAE04EC0-301F-11D3-BF4B-00C04F79EFBC}") = "Plugin.BLE.iOS", "..\xamarin-bluetooth-le\Source\Plugin.BLE.iOS\Plugin.BLE.iOS.csproj", "{00F27EFE-B8A3-4FD3-BC1F-1179FA7D91B9}"
EndProject
Project("{2150E333-8FDC-42A3-9474-1A3956D46DE8}") = "BleTestApp", "BleTestApp", "{FCF8F8B1-0AD3-44CC-B8BE-45217F4668E8}"
EndProject
Project("{FAE04EC0-301F-11D3-BF4B-00C04F79EFBC}") = "SoterDeviceBleTest.Android", "SoterDevice.BleTestApp\SoterDeviceBleTest.Android\SoterDeviceBleTest.Android.csproj", "{4AB0A8B0-CB30-4832-BD10-7FBD1B4585D5}"
EndProject
Project("{FAE04EC0-301F-11D3-BF4B-00C04F79EFBC}") = "SoterDeviceBleTest.iOS", "SoterDevice.BleTestApp\SoterDeviceBleTest.iOS\SoterDeviceBleTest.iOS.csproj", "{E55DEF74-B1C5-429D-B379-03A474D27278}"
EndProject
Project("{FAE04EC0-301F-11D3-BF4B-00C04F79EFBC}") = "SoterDeviceBleTest.UITests", "SoterDevice.BleTestApp\SoterDeviceBleTest.UITests\SoterDeviceBleTest.UITests.csproj", "{B19C892E-2628-4CA7-AD27-08D406A3B14B}"
EndProject
Project("{FAE04EC0-301F-11D3-BF4B-00C04F79EFBC}") = "SoterDeviceBleTest", "SoterDevice.BleTestApp\SoterDeviceBleTest\SoterDeviceBleTest.csproj", "{480D0235-40A8-4D59-8F56-F6A1DDFF024C}"
EndProject
Project("{2150E333-8FDC-42A3-9474-1A3956D46DE8}") = "Keepkey", "Keepkey", "{CFA6A7ED-100F-445A-9D2A-F379835503EA}"
EndProject
Project("{FAE04EC0-301F-11D3-BF4B-00C04F79EFBC}") = "KkUsbLogParser", "Keepkey\KkUsbLogParser\KkUsbLogParser.csproj", "{5E284EA8-1202-400F-B4D9-92EDFB31067B}"
EndProject
Global
	GlobalSection(SolutionConfigurationPlatforms) = preSolution
		Debug|Any CPU = Debug|Any CPU
		Release|Any CPU = Release|Any CPU
		Debug|iPhoneSimulator = Debug|iPhoneSimulator
		Release|iPhoneSimulator = Release|iPhoneSimulator
		Debug|iPhone = Debug|iPhone
		Release|iPhone = Release|iPhone
		Ad-Hoc|iPhone = Ad-Hoc|iPhone
		AppStore|iPhone = AppStore|iPhone
	EndGlobalSection
	GlobalSection(ProjectConfigurationPlatforms) = postSolution
		{50D1131A-D83B-468E-8E7A-32097A4DD055}.Debug|Any CPU.ActiveCfg = Debug|Any CPU
		{50D1131A-D83B-468E-8E7A-32097A4DD055}.Debug|Any CPU.Build.0 = Debug|Any CPU
		{50D1131A-D83B-468E-8E7A-32097A4DD055}.Release|Any CPU.ActiveCfg = Release|Any CPU
		{50D1131A-D83B-468E-8E7A-32097A4DD055}.Release|Any CPU.Build.0 = Release|Any CPU
		{50D1131A-D83B-468E-8E7A-32097A4DD055}.Debug|iPhoneSimulator.ActiveCfg = Debug|Any CPU
		{50D1131A-D83B-468E-8E7A-32097A4DD055}.Debug|iPhoneSimulator.Build.0 = Debug|Any CPU
		{50D1131A-D83B-468E-8E7A-32097A4DD055}.Release|iPhoneSimulator.ActiveCfg = Release|Any CPU
		{50D1131A-D83B-468E-8E7A-32097A4DD055}.Release|iPhoneSimulator.Build.0 = Release|Any CPU
		{50D1131A-D83B-468E-8E7A-32097A4DD055}.Debug|iPhone.ActiveCfg = Debug|Any CPU
		{50D1131A-D83B-468E-8E7A-32097A4DD055}.Debug|iPhone.Build.0 = Debug|Any CPU
		{50D1131A-D83B-468E-8E7A-32097A4DD055}.Release|iPhone.ActiveCfg = Release|Any CPU
		{50D1131A-D83B-468E-8E7A-32097A4DD055}.Release|iPhone.Build.0 = Release|Any CPU
		{50D1131A-D83B-468E-8E7A-32097A4DD055}.Ad-Hoc|iPhone.ActiveCfg = Debug|Any CPU
		{50D1131A-D83B-468E-8E7A-32097A4DD055}.Ad-Hoc|iPhone.Build.0 = Debug|Any CPU
		{50D1131A-D83B-468E-8E7A-32097A4DD055}.AppStore|iPhone.ActiveCfg = Debug|Any CPU
		{50D1131A-D83B-468E-8E7A-32097A4DD055}.AppStore|iPhone.Build.0 = Debug|Any CPU
		{5B528C9F-57B3-4B3B-8CBA-660F3E4460BA}.Debug|Any CPU.ActiveCfg = Debug|Any CPU
		{5B528C9F-57B3-4B3B-8CBA-660F3E4460BA}.Debug|Any CPU.Build.0 = Debug|Any CPU
		{5B528C9F-57B3-4B3B-8CBA-660F3E4460BA}.Release|Any CPU.ActiveCfg = Release|Any CPU
		{5B528C9F-57B3-4B3B-8CBA-660F3E4460BA}.Release|Any CPU.Build.0 = Release|Any CPU
		{5B528C9F-57B3-4B3B-8CBA-660F3E4460BA}.Debug|iPhoneSimulator.ActiveCfg = Debug|Any CPU
		{5B528C9F-57B3-4B3B-8CBA-660F3E4460BA}.Debug|iPhoneSimulator.Build.0 = Debug|Any CPU
		{5B528C9F-57B3-4B3B-8CBA-660F3E4460BA}.Release|iPhoneSimulator.ActiveCfg = Release|Any CPU
		{5B528C9F-57B3-4B3B-8CBA-660F3E4460BA}.Release|iPhoneSimulator.Build.0 = Release|Any CPU
		{5B528C9F-57B3-4B3B-8CBA-660F3E4460BA}.Debug|iPhone.ActiveCfg = Debug|Any CPU
		{5B528C9F-57B3-4B3B-8CBA-660F3E4460BA}.Debug|iPhone.Build.0 = Debug|Any CPU
		{5B528C9F-57B3-4B3B-8CBA-660F3E4460BA}.Release|iPhone.ActiveCfg = Release|Any CPU
		{5B528C9F-57B3-4B3B-8CBA-660F3E4460BA}.Release|iPhone.Build.0 = Release|Any CPU
		{5B528C9F-57B3-4B3B-8CBA-660F3E4460BA}.Ad-Hoc|iPhone.ActiveCfg = Debug|Any CPU
		{5B528C9F-57B3-4B3B-8CBA-660F3E4460BA}.Ad-Hoc|iPhone.Build.0 = Debug|Any CPU
		{5B528C9F-57B3-4B3B-8CBA-660F3E4460BA}.AppStore|iPhone.ActiveCfg = Debug|Any CPU
		{5B528C9F-57B3-4B3B-8CBA-660F3E4460BA}.AppStore|iPhone.Build.0 = Debug|Any CPU
		{7E594169-03C8-4B4F-8245-EBD6D49E243F}.Debug|Any CPU.ActiveCfg = Debug|Any CPU
		{7E594169-03C8-4B4F-8245-EBD6D49E243F}.Debug|Any CPU.Build.0 = Debug|Any CPU
		{7E594169-03C8-4B4F-8245-EBD6D49E243F}.Release|Any CPU.ActiveCfg = Release|Any CPU
		{7E594169-03C8-4B4F-8245-EBD6D49E243F}.Release|Any CPU.Build.0 = Release|Any CPU
		{7E594169-03C8-4B4F-8245-EBD6D49E243F}.Debug|iPhoneSimulator.ActiveCfg = Debug|Any CPU
		{7E594169-03C8-4B4F-8245-EBD6D49E243F}.Debug|iPhoneSimulator.Build.0 = Debug|Any CPU
		{7E594169-03C8-4B4F-8245-EBD6D49E243F}.Release|iPhoneSimulator.ActiveCfg = Release|Any CPU
		{7E594169-03C8-4B4F-8245-EBD6D49E243F}.Release|iPhoneSimulator.Build.0 = Release|Any CPU
		{7E594169-03C8-4B4F-8245-EBD6D49E243F}.Debug|iPhone.ActiveCfg = Debug|Any CPU
		{7E594169-03C8-4B4F-8245-EBD6D49E243F}.Debug|iPhone.Build.0 = Debug|Any CPU
		{7E594169-03C8-4B4F-8245-EBD6D49E243F}.Release|iPhone.ActiveCfg = Release|Any CPU
		{7E594169-03C8-4B4F-8245-EBD6D49E243F}.Release|iPhone.Build.0 = Release|Any CPU
		{7E594169-03C8-4B4F-8245-EBD6D49E243F}.Ad-Hoc|iPhone.ActiveCfg = Debug|Any CPU
		{7E594169-03C8-4B4F-8245-EBD6D49E243F}.Ad-Hoc|iPhone.Build.0 = Debug|Any CPU
		{7E594169-03C8-4B4F-8245-EBD6D49E243F}.AppStore|iPhone.ActiveCfg = Debug|Any CPU
		{7E594169-03C8-4B4F-8245-EBD6D49E243F}.AppStore|iPhone.Build.0 = Debug|Any CPU
		{4820FB4E-4263-4AD8-A8DA-C69EB657AAAC}.Debug|Any CPU.ActiveCfg = Debug|Any CPU
		{4820FB4E-4263-4AD8-A8DA-C69EB657AAAC}.Debug|Any CPU.Build.0 = Debug|Any CPU
		{4820FB4E-4263-4AD8-A8DA-C69EB657AAAC}.Release|Any CPU.ActiveCfg = Release|Any CPU
		{4820FB4E-4263-4AD8-A8DA-C69EB657AAAC}.Release|Any CPU.Build.0 = Release|Any CPU
		{4820FB4E-4263-4AD8-A8DA-C69EB657AAAC}.Debug|iPhoneSimulator.ActiveCfg = Debug|Any CPU
		{4820FB4E-4263-4AD8-A8DA-C69EB657AAAC}.Debug|iPhoneSimulator.Build.0 = Debug|Any CPU
		{4820FB4E-4263-4AD8-A8DA-C69EB657AAAC}.Release|iPhoneSimulator.ActiveCfg = Release|Any CPU
		{4820FB4E-4263-4AD8-A8DA-C69EB657AAAC}.Release|iPhoneSimulator.Build.0 = Release|Any CPU
		{4820FB4E-4263-4AD8-A8DA-C69EB657AAAC}.Debug|iPhone.ActiveCfg = Debug|Any CPU
		{4820FB4E-4263-4AD8-A8DA-C69EB657AAAC}.Debug|iPhone.Build.0 = Debug|Any CPU
		{4820FB4E-4263-4AD8-A8DA-C69EB657AAAC}.Release|iPhone.ActiveCfg = Release|Any CPU
		{4820FB4E-4263-4AD8-A8DA-C69EB657AAAC}.Release|iPhone.Build.0 = Release|Any CPU
		{4820FB4E-4263-4AD8-A8DA-C69EB657AAAC}.Ad-Hoc|iPhone.ActiveCfg = Debug|Any CPU
		{4820FB4E-4263-4AD8-A8DA-C69EB657AAAC}.Ad-Hoc|iPhone.Build.0 = Debug|Any CPU
		{4820FB4E-4263-4AD8-A8DA-C69EB657AAAC}.AppStore|iPhone.ActiveCfg = Debug|Any CPU
		{4820FB4E-4263-4AD8-A8DA-C69EB657AAAC}.AppStore|iPhone.Build.0 = Debug|Any CPU
		{A92D671D-AB90-4FA6-ABCC-1ECA7D698E55}.Debug|Any CPU.ActiveCfg = Debug|Any CPU
		{A92D671D-AB90-4FA6-ABCC-1ECA7D698E55}.Debug|Any CPU.Build.0 = Debug|Any CPU
		{A92D671D-AB90-4FA6-ABCC-1ECA7D698E55}.Release|Any CPU.ActiveCfg = Release|Any CPU
		{A92D671D-AB90-4FA6-ABCC-1ECA7D698E55}.Release|Any CPU.Build.0 = Release|Any CPU
		{A92D671D-AB90-4FA6-ABCC-1ECA7D698E55}.Debug|iPhoneSimulator.ActiveCfg = Debug|Any CPU
		{A92D671D-AB90-4FA6-ABCC-1ECA7D698E55}.Debug|iPhoneSimulator.Build.0 = Debug|Any CPU
		{A92D671D-AB90-4FA6-ABCC-1ECA7D698E55}.Release|iPhoneSimulator.ActiveCfg = Release|Any CPU
		{A92D671D-AB90-4FA6-ABCC-1ECA7D698E55}.Release|iPhoneSimulator.Build.0 = Release|Any CPU
		{A92D671D-AB90-4FA6-ABCC-1ECA7D698E55}.Debug|iPhone.ActiveCfg = Debug|Any CPU
		{A92D671D-AB90-4FA6-ABCC-1ECA7D698E55}.Debug|iPhone.Build.0 = Debug|Any CPU
		{A92D671D-AB90-4FA6-ABCC-1ECA7D698E55}.Release|iPhone.ActiveCfg = Release|Any CPU
		{A92D671D-AB90-4FA6-ABCC-1ECA7D698E55}.Release|iPhone.Build.0 = Release|Any CPU
		{A92D671D-AB90-4FA6-ABCC-1ECA7D698E55}.Ad-Hoc|iPhone.ActiveCfg = Debug|Any CPU
		{A92D671D-AB90-4FA6-ABCC-1ECA7D698E55}.Ad-Hoc|iPhone.Build.0 = Debug|Any CPU
		{A92D671D-AB90-4FA6-ABCC-1ECA7D698E55}.AppStore|iPhone.ActiveCfg = Debug|Any CPU
		{A92D671D-AB90-4FA6-ABCC-1ECA7D698E55}.AppStore|iPhone.Build.0 = Debug|Any CPU
		{163A5DBF-F2F0-41B3-9DDB-69D2D6FCEAFD}.Debug|Any CPU.ActiveCfg = Debug|Any CPU
		{163A5DBF-F2F0-41B3-9DDB-69D2D6FCEAFD}.Debug|Any CPU.Build.0 = Debug|Any CPU
		{163A5DBF-F2F0-41B3-9DDB-69D2D6FCEAFD}.Release|Any CPU.ActiveCfg = Release|Any CPU
		{163A5DBF-F2F0-41B3-9DDB-69D2D6FCEAFD}.Release|Any CPU.Build.0 = Release|Any CPU
		{163A5DBF-F2F0-41B3-9DDB-69D2D6FCEAFD}.Debug|iPhoneSimulator.ActiveCfg = Debug|Any CPU
		{163A5DBF-F2F0-41B3-9DDB-69D2D6FCEAFD}.Debug|iPhoneSimulator.Build.0 = Debug|Any CPU
		{163A5DBF-F2F0-41B3-9DDB-69D2D6FCEAFD}.Release|iPhoneSimulator.ActiveCfg = Release|Any CPU
		{163A5DBF-F2F0-41B3-9DDB-69D2D6FCEAFD}.Release|iPhoneSimulator.Build.0 = Release|Any CPU
		{163A5DBF-F2F0-41B3-9DDB-69D2D6FCEAFD}.Debug|iPhone.ActiveCfg = Debug|Any CPU
		{163A5DBF-F2F0-41B3-9DDB-69D2D6FCEAFD}.Debug|iPhone.Build.0 = Debug|Any CPU
		{163A5DBF-F2F0-41B3-9DDB-69D2D6FCEAFD}.Release|iPhone.ActiveCfg = Release|Any CPU
		{163A5DBF-F2F0-41B3-9DDB-69D2D6FCEAFD}.Release|iPhone.Build.0 = Release|Any CPU
		{163A5DBF-F2F0-41B3-9DDB-69D2D6FCEAFD}.Ad-Hoc|iPhone.ActiveCfg = Release|Any CPU
		{163A5DBF-F2F0-41B3-9DDB-69D2D6FCEAFD}.Ad-Hoc|iPhone.Build.0 = Release|Any CPU
		{163A5DBF-F2F0-41B3-9DDB-69D2D6FCEAFD}.AppStore|iPhone.ActiveCfg = Release|Any CPU
		{163A5DBF-F2F0-41B3-9DDB-69D2D6FCEAFD}.AppStore|iPhone.Build.0 = Release|Any CPU
		{CD33E2CB-581D-4CE2-8B01-9C643E5B82FB}.Debug|Any CPU.ActiveCfg = Debug|Any CPU
		{CD33E2CB-581D-4CE2-8B01-9C643E5B82FB}.Debug|Any CPU.Build.0 = Debug|Any CPU
		{CD33E2CB-581D-4CE2-8B01-9C643E5B82FB}.Release|Any CPU.ActiveCfg = Release|Any CPU
		{CD33E2CB-581D-4CE2-8B01-9C643E5B82FB}.Release|Any CPU.Build.0 = Release|Any CPU
		{CD33E2CB-581D-4CE2-8B01-9C643E5B82FB}.Debug|iPhoneSimulator.ActiveCfg = Debug|Any CPU
		{CD33E2CB-581D-4CE2-8B01-9C643E5B82FB}.Debug|iPhoneSimulator.Build.0 = Debug|Any CPU
		{CD33E2CB-581D-4CE2-8B01-9C643E5B82FB}.Release|iPhoneSimulator.ActiveCfg = Release|Any CPU
		{CD33E2CB-581D-4CE2-8B01-9C643E5B82FB}.Release|iPhoneSimulator.Build.0 = Release|Any CPU
		{CD33E2CB-581D-4CE2-8B01-9C643E5B82FB}.Debug|iPhone.ActiveCfg = Debug|Any CPU
		{CD33E2CB-581D-4CE2-8B01-9C643E5B82FB}.Debug|iPhone.Build.0 = Debug|Any CPU
		{CD33E2CB-581D-4CE2-8B01-9C643E5B82FB}.Release|iPhone.ActiveCfg = Release|Any CPU
		{CD33E2CB-581D-4CE2-8B01-9C643E5B82FB}.Release|iPhone.Build.0 = Release|Any CPU
		{CD33E2CB-581D-4CE2-8B01-9C643E5B82FB}.Ad-Hoc|iPhone.ActiveCfg = Release|Any CPU
		{CD33E2CB-581D-4CE2-8B01-9C643E5B82FB}.Ad-Hoc|iPhone.Build.0 = Release|Any CPU
		{CD33E2CB-581D-4CE2-8B01-9C643E5B82FB}.AppStore|iPhone.ActiveCfg = Release|Any CPU
		{CD33E2CB-581D-4CE2-8B01-9C643E5B82FB}.AppStore|iPhone.Build.0 = Release|Any CPU
		{80C10C11-6FCB-4038-B029-A700039E8F99}.Debug|Any CPU.ActiveCfg = Debug|Any CPU
		{80C10C11-6FCB-4038-B029-A700039E8F99}.Debug|Any CPU.Build.0 = Debug|Any CPU
		{80C10C11-6FCB-4038-B029-A700039E8F99}.Release|Any CPU.ActiveCfg = Release|Any CPU
		{80C10C11-6FCB-4038-B029-A700039E8F99}.Release|Any CPU.Build.0 = Release|Any CPU
		{80C10C11-6FCB-4038-B029-A700039E8F99}.Debug|iPhoneSimulator.ActiveCfg = Debug|Any CPU
		{80C10C11-6FCB-4038-B029-A700039E8F99}.Debug|iPhoneSimulator.Build.0 = Debug|Any CPU
		{80C10C11-6FCB-4038-B029-A700039E8F99}.Release|iPhoneSimulator.ActiveCfg = Release|Any CPU
		{80C10C11-6FCB-4038-B029-A700039E8F99}.Release|iPhoneSimulator.Build.0 = Release|Any CPU
		{80C10C11-6FCB-4038-B029-A700039E8F99}.Debug|iPhone.ActiveCfg = Debug|Any CPU
		{80C10C11-6FCB-4038-B029-A700039E8F99}.Debug|iPhone.Build.0 = Debug|Any CPU
		{80C10C11-6FCB-4038-B029-A700039E8F99}.Release|iPhone.ActiveCfg = Release|Any CPU
		{80C10C11-6FCB-4038-B029-A700039E8F99}.Release|iPhone.Build.0 = Release|Any CPU
		{80C10C11-6FCB-4038-B029-A700039E8F99}.Ad-Hoc|iPhone.ActiveCfg = Release|Any CPU
		{80C10C11-6FCB-4038-B029-A700039E8F99}.Ad-Hoc|iPhone.Build.0 = Release|Any CPU
		{80C10C11-6FCB-4038-B029-A700039E8F99}.AppStore|iPhone.ActiveCfg = Release|Any CPU
		{80C10C11-6FCB-4038-B029-A700039E8F99}.AppStore|iPhone.Build.0 = Release|Any CPU
		{00F27EFE-B8A3-4FD3-BC1F-1179FA7D91B9}.Debug|Any CPU.ActiveCfg = Debug|Any CPU
		{00F27EFE-B8A3-4FD3-BC1F-1179FA7D91B9}.Debug|Any CPU.Build.0 = Debug|Any CPU
		{00F27EFE-B8A3-4FD3-BC1F-1179FA7D91B9}.Release|Any CPU.ActiveCfg = Release|Any CPU
		{00F27EFE-B8A3-4FD3-BC1F-1179FA7D91B9}.Release|Any CPU.Build.0 = Release|Any CPU
		{00F27EFE-B8A3-4FD3-BC1F-1179FA7D91B9}.Debug|iPhoneSimulator.ActiveCfg = Debug|Any CPU
		{00F27EFE-B8A3-4FD3-BC1F-1179FA7D91B9}.Debug|iPhoneSimulator.Build.0 = Debug|Any CPU
		{00F27EFE-B8A3-4FD3-BC1F-1179FA7D91B9}.Release|iPhoneSimulator.ActiveCfg = Release|Any CPU
		{00F27EFE-B8A3-4FD3-BC1F-1179FA7D91B9}.Release|iPhoneSimulator.Build.0 = Release|Any CPU
		{00F27EFE-B8A3-4FD3-BC1F-1179FA7D91B9}.Debug|iPhone.ActiveCfg = Debug|Any CPU
		{00F27EFE-B8A3-4FD3-BC1F-1179FA7D91B9}.Debug|iPhone.Build.0 = Debug|Any CPU
		{00F27EFE-B8A3-4FD3-BC1F-1179FA7D91B9}.Release|iPhone.ActiveCfg = Release|Any CPU
		{00F27EFE-B8A3-4FD3-BC1F-1179FA7D91B9}.Release|iPhone.Build.0 = Release|Any CPU
		{00F27EFE-B8A3-4FD3-BC1F-1179FA7D91B9}.Ad-Hoc|iPhone.ActiveCfg = Release|Any CPU
		{00F27EFE-B8A3-4FD3-BC1F-1179FA7D91B9}.Ad-Hoc|iPhone.Build.0 = Release|Any CPU
		{00F27EFE-B8A3-4FD3-BC1F-1179FA7D91B9}.AppStore|iPhone.ActiveCfg = Release|Any CPU
		{00F27EFE-B8A3-4FD3-BC1F-1179FA7D91B9}.AppStore|iPhone.Build.0 = Release|Any CPU
		{4AB0A8B0-CB30-4832-BD10-7FBD1B4585D5}.Debug|Any CPU.ActiveCfg = Debug|Any CPU
		{4AB0A8B0-CB30-4832-BD10-7FBD1B4585D5}.Debug|Any CPU.Build.0 = Debug|Any CPU
		{4AB0A8B0-CB30-4832-BD10-7FBD1B4585D5}.Release|Any CPU.ActiveCfg = Release|Any CPU
		{4AB0A8B0-CB30-4832-BD10-7FBD1B4585D5}.Release|Any CPU.Build.0 = Release|Any CPU
		{4AB0A8B0-CB30-4832-BD10-7FBD1B4585D5}.Debug|iPhoneSimulator.ActiveCfg = Debug|Any CPU
		{4AB0A8B0-CB30-4832-BD10-7FBD1B4585D5}.Debug|iPhoneSimulator.Build.0 = Debug|Any CPU
		{4AB0A8B0-CB30-4832-BD10-7FBD1B4585D5}.Release|iPhoneSimulator.ActiveCfg = Release|Any CPU
		{4AB0A8B0-CB30-4832-BD10-7FBD1B4585D5}.Release|iPhoneSimulator.Build.0 = Release|Any CPU
		{4AB0A8B0-CB30-4832-BD10-7FBD1B4585D5}.Debug|iPhone.ActiveCfg = Debug|Any CPU
		{4AB0A8B0-CB30-4832-BD10-7FBD1B4585D5}.Debug|iPhone.Build.0 = Debug|Any CPU
		{4AB0A8B0-CB30-4832-BD10-7FBD1B4585D5}.Release|iPhone.ActiveCfg = Release|Any CPU
		{4AB0A8B0-CB30-4832-BD10-7FBD1B4585D5}.Release|iPhone.Build.0 = Release|Any CPU
		{4AB0A8B0-CB30-4832-BD10-7FBD1B4585D5}.Ad-Hoc|iPhone.ActiveCfg = Debug|Any CPU
		{4AB0A8B0-CB30-4832-BD10-7FBD1B4585D5}.Ad-Hoc|iPhone.Build.0 = Debug|Any CPU
		{4AB0A8B0-CB30-4832-BD10-7FBD1B4585D5}.AppStore|iPhone.ActiveCfg = Debug|Any CPU
		{4AB0A8B0-CB30-4832-BD10-7FBD1B4585D5}.AppStore|iPhone.Build.0 = Debug|Any CPU
		{E55DEF74-B1C5-429D-B379-03A474D27278}.Debug|Any CPU.ActiveCfg = Debug|iPhoneSimulator
		{E55DEF74-B1C5-429D-B379-03A474D27278}.Debug|Any CPU.Build.0 = Debug|iPhoneSimulator
		{E55DEF74-B1C5-429D-B379-03A474D27278}.Release|Any CPU.ActiveCfg = Release|iPhoneSimulator
		{E55DEF74-B1C5-429D-B379-03A474D27278}.Release|Any CPU.Build.0 = Release|iPhoneSimulator
		{E55DEF74-B1C5-429D-B379-03A474D27278}.Debug|iPhoneSimulator.ActiveCfg = Debug|iPhoneSimulator
		{E55DEF74-B1C5-429D-B379-03A474D27278}.Debug|iPhoneSimulator.Build.0 = Debug|iPhoneSimulator
		{E55DEF74-B1C5-429D-B379-03A474D27278}.Release|iPhoneSimulator.ActiveCfg = Release|iPhoneSimulator
		{E55DEF74-B1C5-429D-B379-03A474D27278}.Release|iPhoneSimulator.Build.0 = Release|iPhoneSimulator
		{E55DEF74-B1C5-429D-B379-03A474D27278}.Debug|iPhone.ActiveCfg = Debug|iPhone
		{E55DEF74-B1C5-429D-B379-03A474D27278}.Debug|iPhone.Build.0 = Debug|iPhone
		{E55DEF74-B1C5-429D-B379-03A474D27278}.Release|iPhone.ActiveCfg = Release|iPhone
		{E55DEF74-B1C5-429D-B379-03A474D27278}.Release|iPhone.Build.0 = Release|iPhone
		{E55DEF74-B1C5-429D-B379-03A474D27278}.Ad-Hoc|iPhone.ActiveCfg = Ad-Hoc|iPhone
		{E55DEF74-B1C5-429D-B379-03A474D27278}.Ad-Hoc|iPhone.Build.0 = Ad-Hoc|iPhone
		{E55DEF74-B1C5-429D-B379-03A474D27278}.AppStore|iPhone.ActiveCfg = AppStore|iPhone
		{E55DEF74-B1C5-429D-B379-03A474D27278}.AppStore|iPhone.Build.0 = AppStore|iPhone
		{B19C892E-2628-4CA7-AD27-08D406A3B14B}.Debug|Any CPU.ActiveCfg = Debug|Any CPU
		{B19C892E-2628-4CA7-AD27-08D406A3B14B}.Debug|Any CPU.Build.0 = Debug|Any CPU
		{B19C892E-2628-4CA7-AD27-08D406A3B14B}.Release|Any CPU.ActiveCfg = Release|Any CPU
		{B19C892E-2628-4CA7-AD27-08D406A3B14B}.Release|Any CPU.Build.0 = Release|Any CPU
		{B19C892E-2628-4CA7-AD27-08D406A3B14B}.Debug|iPhoneSimulator.ActiveCfg = Debug|Any CPU
		{B19C892E-2628-4CA7-AD27-08D406A3B14B}.Debug|iPhoneSimulator.Build.0 = Debug|Any CPU
		{B19C892E-2628-4CA7-AD27-08D406A3B14B}.Release|iPhoneSimulator.ActiveCfg = Release|Any CPU
		{B19C892E-2628-4CA7-AD27-08D406A3B14B}.Release|iPhoneSimulator.Build.0 = Release|Any CPU
		{B19C892E-2628-4CA7-AD27-08D406A3B14B}.Debug|iPhone.ActiveCfg = Debug|Any CPU
		{B19C892E-2628-4CA7-AD27-08D406A3B14B}.Debug|iPhone.Build.0 = Debug|Any CPU
		{B19C892E-2628-4CA7-AD27-08D406A3B14B}.Release|iPhone.ActiveCfg = Release|Any CPU
		{B19C892E-2628-4CA7-AD27-08D406A3B14B}.Release|iPhone.Build.0 = Release|Any CPU
		{B19C892E-2628-4CA7-AD27-08D406A3B14B}.Ad-Hoc|iPhone.ActiveCfg = Debug|Any CPU
		{B19C892E-2628-4CA7-AD27-08D406A3B14B}.Ad-Hoc|iPhone.Build.0 = Debug|Any CPU
		{B19C892E-2628-4CA7-AD27-08D406A3B14B}.AppStore|iPhone.ActiveCfg = Debug|Any CPU
		{B19C892E-2628-4CA7-AD27-08D406A3B14B}.AppStore|iPhone.Build.0 = Debug|Any CPU
		{480D0235-40A8-4D59-8F56-F6A1DDFF024C}.Debug|Any CPU.ActiveCfg = Debug|Any CPU
		{480D0235-40A8-4D59-8F56-F6A1DDFF024C}.Debug|Any CPU.Build.0 = Debug|Any CPU
		{480D0235-40A8-4D59-8F56-F6A1DDFF024C}.Release|Any CPU.ActiveCfg = Release|Any CPU
		{480D0235-40A8-4D59-8F56-F6A1DDFF024C}.Release|Any CPU.Build.0 = Release|Any CPU
		{480D0235-40A8-4D59-8F56-F6A1DDFF024C}.Debug|iPhoneSimulator.ActiveCfg = Debug|Any CPU
		{480D0235-40A8-4D59-8F56-F6A1DDFF024C}.Debug|iPhoneSimulator.Build.0 = Debug|Any CPU
		{480D0235-40A8-4D59-8F56-F6A1DDFF024C}.Release|iPhoneSimulator.ActiveCfg = Release|Any CPU
		{480D0235-40A8-4D59-8F56-F6A1DDFF024C}.Release|iPhoneSimulator.Build.0 = Release|Any CPU
		{480D0235-40A8-4D59-8F56-F6A1DDFF024C}.Debug|iPhone.ActiveCfg = Debug|Any CPU
		{480D0235-40A8-4D59-8F56-F6A1DDFF024C}.Debug|iPhone.Build.0 = Debug|Any CPU
		{480D0235-40A8-4D59-8F56-F6A1DDFF024C}.Release|iPhone.ActiveCfg = Release|Any CPU
		{480D0235-40A8-4D59-8F56-F6A1DDFF024C}.Release|iPhone.Build.0 = Release|Any CPU
		{480D0235-40A8-4D59-8F56-F6A1DDFF024C}.Ad-Hoc|iPhone.ActiveCfg = Debug|Any CPU
		{480D0235-40A8-4D59-8F56-F6A1DDFF024C}.Ad-Hoc|iPhone.Build.0 = Debug|Any CPU
		{480D0235-40A8-4D59-8F56-F6A1DDFF024C}.AppStore|iPhone.ActiveCfg = Debug|Any CPU
		{480D0235-40A8-4D59-8F56-F6A1DDFF024C}.AppStore|iPhone.Build.0 = Debug|Any CPU
		{5E284EA8-1202-400F-B4D9-92EDFB31067B}.Debug|Any CPU.ActiveCfg = Debug|Any CPU
		{5E284EA8-1202-400F-B4D9-92EDFB31067B}.Debug|Any CPU.Build.0 = Debug|Any CPU
		{5E284EA8-1202-400F-B4D9-92EDFB31067B}.Release|Any CPU.ActiveCfg = Release|Any CPU
		{5E284EA8-1202-400F-B4D9-92EDFB31067B}.Release|Any CPU.Build.0 = Release|Any CPU
		{5E284EA8-1202-400F-B4D9-92EDFB31067B}.Debug|iPhoneSimulator.ActiveCfg = Debug|Any CPU
		{5E284EA8-1202-400F-B4D9-92EDFB31067B}.Debug|iPhoneSimulator.Build.0 = Debug|Any CPU
		{5E284EA8-1202-400F-B4D9-92EDFB31067B}.Release|iPhoneSimulator.ActiveCfg = Release|Any CPU
		{5E284EA8-1202-400F-B4D9-92EDFB31067B}.Release|iPhoneSimulator.Build.0 = Release|Any CPU
		{5E284EA8-1202-400F-B4D9-92EDFB31067B}.Debug|iPhone.ActiveCfg = Debug|Any CPU
		{5E284EA8-1202-400F-B4D9-92EDFB31067B}.Debug|iPhone.Build.0 = Debug|Any CPU
		{5E284EA8-1202-400F-B4D9-92EDFB31067B}.Release|iPhone.ActiveCfg = Release|Any CPU
		{5E284EA8-1202-400F-B4D9-92EDFB31067B}.Release|iPhone.Build.0 = Release|Any CPU
		{5E284EA8-1202-400F-B4D9-92EDFB31067B}.Ad-Hoc|iPhone.ActiveCfg = Release|Any CPU
		{5E284EA8-1202-400F-B4D9-92EDFB31067B}.Ad-Hoc|iPhone.Build.0 = Release|Any CPU
		{5E284EA8-1202-400F-B4D9-92EDFB31067B}.AppStore|iPhone.ActiveCfg = Release|Any CPU
		{5E284EA8-1202-400F-B4D9-92EDFB31067B}.AppStore|iPhone.Build.0 = Release|Any CPU
	EndGlobalSection
	GlobalSection(NestedProjects) = preSolution
		{163A5DBF-F2F0-41B3-9DDB-69D2D6FCEAFD} = {AF162EA7-D349-4C01-AF65-9204CA1F8252}
		{CD33E2CB-581D-4CE2-8B01-9C643E5B82FB} = {AF162EA7-D349-4C01-AF65-9204CA1F8252}
		{80C10C11-6FCB-4038-B029-A700039E8F99} = {AF162EA7-D349-4C01-AF65-9204CA1F8252}
		{00F27EFE-B8A3-4FD3-BC1F-1179FA7D91B9} = {AF162EA7-D349-4C01-AF65-9204CA1F8252}
		{4AB0A8B0-CB30-4832-BD10-7FBD1B4585D5} = {FCF8F8B1-0AD3-44CC-B8BE-45217F4668E8}
		{E55DEF74-B1C5-429D-B379-03A474D27278} = {FCF8F8B1-0AD3-44CC-B8BE-45217F4668E8}
		{B19C892E-2628-4CA7-AD27-08D406A3B14B} = {FCF8F8B1-0AD3-44CC-B8BE-45217F4668E8}
		{480D0235-40A8-4D59-8F56-F6A1DDFF024C} = {FCF8F8B1-0AD3-44CC-B8BE-45217F4668E8}
		{5E284EA8-1202-400F-B4D9-92EDFB31067B} = {CFA6A7ED-100F-445A-9D2A-F379835503EA}
	EndGlobalSection
EndGlobal
